// !$*UTF8*$!
{
	archiveVersion = 1;
	classes = {
	};
	objectVersion = 46;
	objects = {

/* Begin PBXBuildFile section */
		5BE471491D0C7A2400AAD8C4 /* AppDelegate.swift in Sources */ = {isa = PBXBuildFile; fileRef = 5BE471481D0C7A2400AAD8C4 /* AppDelegate.swift */; };
		5BE4714B1D0C7A2400AAD8C4 /* ViewController.swift in Sources */ = {isa = PBXBuildFile; fileRef = 5BE4714A1D0C7A2400AAD8C4 /* ViewController.swift */; };
		5BE4714E1D0C7A2400AAD8C4 /* Main.storyboard in Resources */ = {isa = PBXBuildFile; fileRef = 5BE4714C1D0C7A2400AAD8C4 /* Main.storyboard */; };
		5BE471501D0C7A2400AAD8C4 /* Assets.xcassets in Resources */ = {isa = PBXBuildFile; fileRef = 5BE4714F1D0C7A2400AAD8C4 /* Assets.xcassets */; };
		5BE471531D0C7A2400AAD8C4 /* LaunchScreen.storyboard in Resources */ = {isa = PBXBuildFile; fileRef = 5BE471511D0C7A2400AAD8C4 /* LaunchScreen.storyboard */; };
		5BE4715E1D0C7A2500AAD8C4 /* TwisterTests.swift in Sources */ = {isa = PBXBuildFile; fileRef = 5BE4715D1D0C7A2500AAD8C4 /* TwisterTests.swift */; };
		5BE471691D0C7B5C00AAD8C4 /* OptionsScreen.swift in Sources */ = {isa = PBXBuildFile; fileRef = 5BE471681D0C7B5C00AAD8C4 /* OptionsScreen.swift */; };
		5BE471991D125D1300AAD8C4 /* TwisterViewTwo.swift in Sources */ = {isa = PBXBuildFile; fileRef = 5BE471981D125D1300AAD8C4 /* TwisterViewTwo.swift */; };
		5BE4719B1D15C02C00AAD8C4 /* Circle.swift in Sources */ = {isa = PBXBuildFile; fileRef = 5BE4719A1D15C02C00AAD8C4 /* Circle.swift */; };
/* End PBXBuildFile section */

/* Begin PBXContainerItemProxy section */
		5BE4715A1D0C7A2400AAD8C4 /* PBXContainerItemProxy */ = {
			isa = PBXContainerItemProxy;
			containerPortal = 5BE4713D1D0C7A2400AAD8C4 /* Project object */;
			proxyType = 1;
			remoteGlobalIDString = 5BE471441D0C7A2400AAD8C4;
			remoteInfo = Twister;
		};
/* End PBXContainerItemProxy section */

/* Begin PBXFileReference section */
		5BE471451D0C7A2400AAD8C4 /* Twister.app */ = {isa = PBXFileReference; explicitFileType = wrapper.application; includeInIndex = 0; path = Twister.app; sourceTree = BUILT_PRODUCTS_DIR; };
		5BE471481D0C7A2400AAD8C4 /* AppDelegate.swift */ = {isa = PBXFileReference; lastKnownFileType = sourcecode.swift; path = AppDelegate.swift; sourceTree = "<group>"; };
		5BE4714A1D0C7A2400AAD8C4 /* ViewController.swift */ = {isa = PBXFileReference; lastKnownFileType = sourcecode.swift; path = ViewController.swift; sourceTree = "<group>"; };
		5BE4714D1D0C7A2400AAD8C4 /* Base */ = {isa = PBXFileReference; lastKnownFileType = file.storyboard; name = Base; path = Base.lproj/Main.storyboard; sourceTree = "<group>"; };
		5BE4714F1D0C7A2400AAD8C4 /* Assets.xcassets */ = {isa = PBXFileReference; lastKnownFileType = folder.assetcatalog; path = Assets.xcassets; sourceTree = "<group>"; };
		5BE471521D0C7A2400AAD8C4 /* Base */ = {isa = PBXFileReference; lastKnownFileType = file.storyboard; name = Base; path = Base.lproj/LaunchScreen.storyboard; sourceTree = "<group>"; };
		5BE471541D0C7A2400AAD8C4 /* Info.plist */ = {isa = PBXFileReference; lastKnownFileType = text.plist.xml; path = Info.plist; sourceTree = "<group>"; };
		5BE471591D0C7A2400AAD8C4 /* TwisterTests.xctest */ = {isa = PBXFileReference; explicitFileType = wrapper.cfbundle; includeInIndex = 0; path = TwisterTests.xctest; sourceTree = BUILT_PRODUCTS_DIR; };
		5BE4715D1D0C7A2500AAD8C4 /* TwisterTests.swift */ = {isa = PBXFileReference; lastKnownFileType = sourcecode.swift; path = TwisterTests.swift; sourceTree = "<group>"; };
		5BE4715F1D0C7A2500AAD8C4 /* Info.plist */ = {isa = PBXFileReference; lastKnownFileType = text.plist.xml; path = Info.plist; sourceTree = "<group>"; };
		5BE471681D0C7B5C00AAD8C4 /* OptionsScreen.swift */ = {isa = PBXFileReference; fileEncoding = 4; lastKnownFileType = sourcecode.swift; path = OptionsScreen.swift; sourceTree = "<group>"; };
		5BE471981D125D1300AAD8C4 /* TwisterViewTwo.swift */ = {isa = PBXFileReference; fileEncoding = 4; lastKnownFileType = sourcecode.swift; path = TwisterViewTwo.swift; sourceTree = SOURCE_ROOT; };
		5BE4719A1D15C02C00AAD8C4 /* Circle.swift */ = {isa = PBXFileReference; fileEncoding = 4; lastKnownFileType = sourcecode.swift; path = Circle.swift; sourceTree = "<group>"; };
/* End PBXFileReference section */

/* Begin PBXFrameworksBuildPhase section */
		5BE471421D0C7A2400AAD8C4 /* Frameworks */ = {
			isa = PBXFrameworksBuildPhase;
			buildActionMask = 2147483647;
			files = (
			);
			runOnlyForDeploymentPostprocessing = 0;
		};
		5BE471561D0C7A2400AAD8C4 /* Frameworks */ = {
			isa = PBXFrameworksBuildPhase;
			buildActionMask = 2147483647;
			files = (
			);
			runOnlyForDeploymentPostprocessing = 0;
		};
/* End PBXFrameworksBuildPhase section */

/* Begin PBXGroup section */
		5BE4713C1D0C7A2400AAD8C4 = {
			isa = PBXGroup;
			children = (
				5BE471471D0C7A2400AAD8C4 /* Twister */,
				5BE4715C1D0C7A2400AAD8C4 /* TwisterTests */,
				5BE471461D0C7A2400AAD8C4 /* Products */,
			);
			sourceTree = "<group>";
		};
		5BE471461D0C7A2400AAD8C4 /* Products */ = {
			isa = PBXGroup;
			children = (
				5BE471451D0C7A2400AAD8C4 /* Twister.app */,
				5BE471591D0C7A2400AAD8C4 /* TwisterTests.xctest */,
			);
			name = Products;
			sourceTree = "<group>";
		};
		5BE471471D0C7A2400AAD8C4 /* Twister */ = {
			isa = PBXGroup;
			children = (
				5BE471981D125D1300AAD8C4 /* TwisterViewTwo.swift */,
				5BE471481D0C7A2400AAD8C4 /* AppDelegate.swift */,
				5BE4714A1D0C7A2400AAD8C4 /* ViewController.swift */,
				5BE4719A1D15C02C00AAD8C4 /* Circle.swift */,
				5BE471681D0C7B5C00AAD8C4 /* OptionsScreen.swift */,
				5BE4714C1D0C7A2400AAD8C4 /* Main.storyboard */,
				5BE4714F1D0C7A2400AAD8C4 /* Assets.xcassets */,
				5BE471511D0C7A2400AAD8C4 /* LaunchScreen.storyboard */,
				5BE471541D0C7A2400AAD8C4 /* Info.plist */,
			);
			path = Twister;
			sourceTree = "<group>";
		};
		5BE4715C1D0C7A2400AAD8C4 /* TwisterTests */ = {
			isa = PBXGroup;
			children = (
				5BE4715D1D0C7A2500AAD8C4 /* TwisterTests.swift */,
				5BE4715F1D0C7A2500AAD8C4 /* Info.plist */,
			);
			path = TwisterTests;
			sourceTree = "<group>";
		};
/* End PBXGroup section */

/* Begin PBXNativeTarget section */
		5BE471441D0C7A2400AAD8C4 /* Twister */ = {
			isa = PBXNativeTarget;
			buildConfigurationList = 5BE471621D0C7A2500AAD8C4 /* Build configuration list for PBXNativeTarget "Twister" */;
			buildPhases = (
				5BE471411D0C7A2400AAD8C4 /* Sources */,
				5BE471421D0C7A2400AAD8C4 /* Frameworks */,
				5BE471431D0C7A2400AAD8C4 /* Resources */,
			);
			buildRules = (
			);
			dependencies = (
			);
			name = Twister;
			productName = Twister;
			productReference = 5BE471451D0C7A2400AAD8C4 /* Twister.app */;
			productType = "com.apple.product-type.application";
		};
		5BE471581D0C7A2400AAD8C4 /* TwisterTests */ = {
			isa = PBXNativeTarget;
			buildConfigurationList = 5BE471651D0C7A2500AAD8C4 /* Build configuration list for PBXNativeTarget "TwisterTests" */;
			buildPhases = (
				5BE471551D0C7A2400AAD8C4 /* Sources */,
				5BE471561D0C7A2400AAD8C4 /* Frameworks */,
				5BE471571D0C7A2400AAD8C4 /* Resources */,
			);
			buildRules = (
			);
			dependencies = (
				5BE4715B1D0C7A2400AAD8C4 /* PBXTargetDependency */,
			);
			name = TwisterTests;
			productName = TwisterTests;
			productReference = 5BE471591D0C7A2400AAD8C4 /* TwisterTests.xctest */;
			productType = "com.apple.product-type.bundle.unit-test";
		};
/* End PBXNativeTarget section */

/* Begin PBXProject section */
		5BE4713D1D0C7A2400AAD8C4 /* Project object */ = {
			isa = PBXProject;
			attributes = {
				LastSwiftUpdateCheck = 0730;
				LastUpgradeCheck = 0730;
				ORGANIZATIONNAME = "Logan Dihel";
				TargetAttributes = {
					5BE471441D0C7A2400AAD8C4 = {
						CreatedOnToolsVersion = 7.3.1;
						DevelopmentTeam = 777X32GHTS;
						LastSwiftMigration = 0820;
					};
					5BE471581D0C7A2400AAD8C4 = {
						CreatedOnToolsVersion = 7.3.1;
						DevelopmentTeam = 777X32GHTS;
						LastSwiftMigration = 0820;
						TestTargetID = 5BE471441D0C7A2400AAD8C4;
					};
				};
			};
			buildConfigurationList = 5BE471401D0C7A2400AAD8C4 /* Build configuration list for PBXProject "Twister" */;
			compatibilityVersion = "Xcode 3.2";
			developmentRegion = English;
			hasScannedForEncodings = 0;
			knownRegions = (
				en,
				Base,
			);
			mainGroup = 5BE4713C1D0C7A2400AAD8C4;
			productRefGroup = 5BE471461D0C7A2400AAD8C4 /* Products */;
			projectDirPath = "";
			projectRoot = "";
			targets = (
				5BE471441D0C7A2400AAD8C4 /* Twister */,
				5BE471581D0C7A2400AAD8C4 /* TwisterTests */,
			);
		};
/* End PBXProject section */

/* Begin PBXResourcesBuildPhase section */
		5BE471431D0C7A2400AAD8C4 /* Resources */ = {
			isa = PBXResourcesBuildPhase;
			buildActionMask = 2147483647;
			files = (
				5BE471531D0C7A2400AAD8C4 /* LaunchScreen.storyboard in Resources */,
				5BE471501D0C7A2400AAD8C4 /* Assets.xcassets in Resources */,
				5BE4714E1D0C7A2400AAD8C4 /* Main.storyboard in Resources */,
			);
			runOnlyForDeploymentPostprocessing = 0;
		};
		5BE471571D0C7A2400AAD8C4 /* Resources */ = {
			isa = PBXResourcesBuildPhase;
			buildActionMask = 2147483647;
			files = (
			);
			runOnlyForDeploymentPostprocessing = 0;
		};
/* End PBXResourcesBuildPhase section */

/* Begin PBXSourcesBuildPhase section */
		5BE471411D0C7A2400AAD8C4 /* Sources */ = {
			isa = PBXSourcesBuildPhase;
			buildActionMask = 2147483647;
			files = (
				5BE4719B1D15C02C00AAD8C4 /* Circle.swift in Sources */,
				5BE4714B1D0C7A2400AAD8C4 /* ViewController.swift in Sources */,
				5BE471691D0C7B5C00AAD8C4 /* OptionsScreen.swift in Sources */,
				5BE471491D0C7A2400AAD8C4 /* AppDelegate.swift in Sources */,
				5BE471991D125D1300AAD8C4 /* TwisterViewTwo.swift in Sources */,
			);
			runOnlyForDeploymentPostprocessing = 0;
		};
		5BE471551D0C7A2400AAD8C4 /* Sources */ = {
			isa = PBXSourcesBuildPhase;
			buildActionMask = 2147483647;
			files = (
				5BE4715E1D0C7A2500AAD8C4 /* TwisterTests.swift in Sources */,
			);
			runOnlyForDeploymentPostprocessing = 0;
		};
/* End PBXSourcesBuildPhase section */

/* Begin PBXTargetDependency section */
		5BE4715B1D0C7A2400AAD8C4 /* PBXTargetDependency */ = {
			isa = PBXTargetDependency;
			target = 5BE471441D0C7A2400AAD8C4 /* Twister */;
			targetProxy = 5BE4715A1D0C7A2400AAD8C4 /* PBXContainerItemProxy */;
		};
/* End PBXTargetDependency section */

/* Begin PBXVariantGroup section */
		5BE4714C1D0C7A2400AAD8C4 /* Main.storyboard */ = {
			isa = PBXVariantGroup;
			children = (
				5BE4714D1D0C7A2400AAD8C4 /* Base */,
			);
			name = Main.storyboard;
			sourceTree = "<group>";
		};
		5BE471511D0C7A2400AAD8C4 /* LaunchScreen.storyboard */ = {
			isa = PBXVariantGroup;
			children = (
				5BE471521D0C7A2400AAD8C4 /* Base */,
			);
			name = LaunchScreen.storyboard;
			sourceTree = "<group>";
		};
/* End PBXVariantGroup section */

/* Begin XCBuildConfiguration section */
		5BE471601D0C7A2500AAD8C4 /* Debug */ = {
			isa = XCBuildConfiguration;
			buildSettings = {
				ALWAYS_SEARCH_USER_PATHS = NO;
				CLANG_ANALYZER_NONNULL = YES;
				CLANG_CXX_LANGUAGE_STANDARD = "gnu++0x";
				CLANG_CXX_LIBRARY = "libc++";
				CLANG_ENABLE_MODULES = YES;
				CLANG_ENABLE_OBJC_ARC = YES;
				CLANG_WARN_BOOL_CONVERSION = YES;
				CLANG_WARN_CONSTANT_CONVERSION = YES;
				CLANG_WARN_DIRECT_OBJC_ISA_USAGE = YES_ERROR;
				CLANG_WARN_EMPTY_BODY = YES;
				CLANG_WARN_ENUM_CONVERSION = YES;
				CLANG_WARN_INT_CONVERSION = YES;
				CLANG_WARN_OBJC_ROOT_CLASS = YES_ERROR;
				CLANG_WARN_UNREACHABLE_CODE = YES;
				CLANG_WARN__DUPLICATE_METHOD_MATCH = YES;
				"CODE_SIGN_IDENTITY[sdk=iphoneos*]" = "iPhone Developer";
				COPY_PHASE_STRIP = NO;
				DEBUG_INFORMATION_FORMAT = dwarf;
				ENABLE_STRICT_OBJC_MSGSEND = YES;
				ENABLE_TESTABILITY = YES;
				GCC_C_LANGUAGE_STANDARD = gnu99;
				GCC_DYNAMIC_NO_PIC = NO;
				GCC_NO_COMMON_BLOCKS = YES;
				GCC_OPTIMIZATION_LEVEL = 0;
				GCC_PREPROCESSOR_DEFINITIONS = (
					"DEBUG=1",
					"$(inherited)",
				);
				GCC_WARN_64_TO_32_BIT_CONVERSION = YES;
				GCC_WARN_ABOUT_RETURN_TYPE = YES_ERROR;
				GCC_WARN_UNDECLARED_SELECTOR = YES;
				GCC_WARN_UNINITIALIZED_AUTOS = YES_AGGRESSIVE;
				GCC_WARN_UNUSED_FUNCTION = YES;
				GCC_WARN_UNUSED_VARIABLE = YES;
				IPHONEOS_DEPLOYMENT_TARGET = 9.3;
				MTL_ENABLE_DEBUG_INFO = YES;
				ONLY_ACTIVE_ARCH = YES;
				SDKROOT = iphoneos;
				SWIFT_OPTIMIZATION_LEVEL = "-Onone";
				TARGETED_DEVICE_FAMILY = "1,2";
			};
			name = Debug;
		};
		5BE471611D0C7A2500AAD8C4 /* Release */ = {
			isa = XCBuildConfiguration;
			buildSettings = {
				ALWAYS_SEARCH_USER_PATHS = NO;
				CLANG_ANALYZER_NONNULL = YES;
				CLANG_CXX_LANGUAGE_STANDARD = "gnu++0x";
				CLANG_CXX_LIBRARY = "libc++";
				CLANG_ENABLE_MODULES = YES;
				CLANG_ENABLE_OBJC_ARC = YES;
				CLANG_WARN_BOOL_CONVERSION = YES;
				CLANG_WARN_CONSTANT_CONVERSION = YES;
				CLANG_WARN_DIRECT_OBJC_ISA_USAGE = YES_ERROR;
				CLANG_WARN_EMPTY_BODY = YES;
				CLANG_WARN_ENUM_CONVERSION = YES;
				CLANG_WARN_INT_CONVERSION = YES;
				CLANG_WARN_OBJC_ROOT_CLASS = YES_ERROR;
				CLANG_WARN_UNREACHABLE_CODE = YES;
				CLANG_WARN__DUPLICATE_METHOD_MATCH = YES;
				"CODE_SIGN_IDENTITY[sdk=iphoneos*]" = "iPhone Developer";
				COPY_PHASE_STRIP = NO;
				DEBUG_INFORMATION_FORMAT = "dwarf-with-dsym";
				ENABLE_NS_ASSERTIONS = NO;
				ENABLE_STRICT_OBJC_MSGSEND = YES;
				GCC_C_LANGUAGE_STANDARD = gnu99;
				GCC_NO_COMMON_BLOCKS = YES;
				GCC_WARN_64_TO_32_BIT_CONVERSION = YES;
				GCC_WARN_ABOUT_RETURN_TYPE = YES_ERROR;
				GCC_WARN_UNDECLARED_SELECTOR = YES;
				GCC_WARN_UNINITIALIZED_AUTOS = YES_AGGRESSIVE;
				GCC_WARN_UNUSED_FUNCTION = YES;
				GCC_WARN_UNUSED_VARIABLE = YES;
				IPHONEOS_DEPLOYMENT_TARGET = 9.3;
				MTL_ENABLE_DEBUG_INFO = NO;
				SDKROOT = iphoneos;
				TARGETED_DEVICE_FAMILY = "1,2";
				VALIDATE_PRODUCT = YES;
			};
			name = Release;
		};
		5BE471631D0C7A2500AAD8C4 /* Debug */ = {
			isa = XCBuildConfiguration;
			buildSettings = {
				ASSETCATALOG_COMPILER_APPICON_NAME = AppIcon;
				CODE_SIGN_IDENTITY = "iPhone Developer";
				INFOPLIST_FILE = Twister/Info.plist;
				IPHONEOS_DEPLOYMENT_TARGET = 9.0;
				LD_RUNPATH_SEARCH_PATHS = "$(inherited) @executable_path/Frameworks";
				PRODUCT_BUNDLE_IDENTIFIER = Workspace.Twister;
				PRODUCT_NAME = "$(TARGET_NAME)";
				SWIFT_VERSION = 3.0;
			};
			name = Debug;
		};
		5BE471641D0C7A2500AAD8C4 /* Release */ = {
			isa = XCBuildConfiguration;
			buildSettings = {
				ASSETCATALOG_COMPILER_APPICON_NAME = AppIcon;
				CODE_SIGN_IDENTITY = "iPhone Developer";
				INFOPLIST_FILE = Twister/Info.plist;
				IPHONEOS_DEPLOYMENT_TARGET = 9.0;
				LD_RUNPATH_SEARCH_PATHS = "$(inherited) @executable_path/Frameworks";
				PRODUCT_BUNDLE_IDENTIFIER = Workspace.Twister;
				PRODUCT_NAME = "$(TARGET_NAME)";
				SWIFT_VERSION = 3.0;
			};
			name = Release;
		};
		5BE471661D0C7A2500AAD8C4 /* Debug */ = {
			isa = XCBuildConfiguration;
			buildSettings = {
				BUNDLE_LOADER = "$(TEST_HOST)";
				INFOPLIST_FILE = TwisterTests/Info.plist;
				LD_RUNPATH_SEARCH_PATHS = "$(inherited) @executable_path/Frameworks @loader_path/Frameworks";
				PRODUCT_BUNDLE_IDENTIFIER = Workspace.TwisterTests;
				PRODUCT_NAME = "$(TARGET_NAME)";
				SWIFT_VERSION = 3.0;
				TEST_HOST = "$(BUILT_PRODUCTS_DIR)/Twister.app/Twister";
			};
			name = Debug;
		};
		5BE471671D0C7A2500AAD8C4 /* Release */ = {
			isa = XCBuildConfiguration;
			buildSettings = {
				BUNDLE_LOADER = "$(TEST_HOST)";
				INFOPLIST_FILE = TwisterTests/Info.plist;
				LD_RUNPATH_SEARCH_PATHS = "$(inherited) @executable_path/Frameworks @loader_path/Frameworks";
				PRODUCT_BUNDLE_IDENTIFIER = Workspace.TwisterTests;
				PRODUCT_NAME = "$(TARGET_NAME)";
				SWIFT_VERSION = 3.0;
				TEST_HOST = "$(BUILT_PRODUCTS_DIR)/Twister.app/Twister";
			};
			name = Release;
		};
/* End XCBuildConfiguration section */

/* Begin XCConfigurationList section */
		5BE471401D0C7A2400AAD8C4 /* Build configuration list for PBXProject "Twister" */ = {
			isa = XCConfigurationList;
			buildConfigurations = (
				5BE471601D0C7A2500AAD8C4 /* Debug */,
				5BE471611D0C7A2500AAD8C4 /* Release */,
			);
			defaultConfigurationIsVisible = 0;
			defaultConfigurationName = Release;
		};
		5BE471621D0C7A2500AAD8C4 /* Build configuration list for PBXNativeTarget "Twister" */ = {
			isa = XCConfigurationList;
			buildConfigurations = (
				5BE471631D0C7A2500AAD8C4 /* Debug */,
				5BE471641D0C7A2500AAD8C4 /* Release */,
			);
			defaultConfigurationIsVisible = 0;
			defaultConfigurationName = Release;
		};
		5BE471651D0C7A2500AAD8C4 /* Build configuration list for PBXNativeTarget "TwisterTests" */ = {
			isa = XCConfigurationList;
			buildConfigurations = (
				5BE471661D0C7A2500AAD8C4 /* Debug */,
				5BE471671D0C7A2500AAD8C4 /* Release */,
			);
			defaultConfigurationIsVisible = 0;
			defaultConfigurationName = Release;
		};
/* End XCConfigurationList section */
	};
	rootObject = 5BE4713D1D0C7A2400AAD8C4 /* Project object */;
}
